# Generated by buf. DO NOT EDIT.
version: v1
deps:
  - remote: buf.build
    owner: googleapis
    repository: googleapis
    commit: cc916c31859748a68fd229a3c8d7a2e8
    digest: shake256:469b049d0eb04203d5272062636c078decefc96fec69739159c25d85349c50c34c7706918a8b216c5c27f76939df48452148cff8c5c3ae77fa6ba5c25c1b8bf8
  - remote: buf.build
    owner: protomesh
    repository: protoc-gen-terraform
    commit: b646cb9e83f34a8d9d66c1ae8c8aa703
    digest: shake256:b5e92d3fcce1506fb16b689f8b962ebe9e3062e5727e3983119c42351346c63900c73ac96c484ac8fcd54a3cdb7de19eb1330213cc7f78ab552d5d580f642505
